
Microsoft Visual Studio Solution File, Format Version 12.00
# Visual Studio Version 17
VisualStudioVersion = 17.0.31919.166
MinimumVisualStudioVersion = 10.0.40219.1
Project("{FAE04EC0-301F-11D3-BF4B-00C04F79EFBC}") = "WinFormsApp1", "WinFormsApp1\WinFormsApp1.csproj", "{736D11E9-56C0-4B43-AA10-209FF2A0D17A}"
EndProject
Global
	GlobalSection(SolutionConfigurationPlatforms) = preSolution
		Debug|Any CPU = Debug|Any CPU
		Release|Any CPU = Release|Any CPU
	EndGlobalSection
	GlobalSection(ProjectConfigurationPlatforms) = postSolution
		{736D11E9-56C0-4B43-AA10-209FF2A0D17A}.Debug|Any CPU.ActiveCfg = Debug|Any CPU
		{736D11E9-56C0-4B43-AA10-209FF2A0D17A}.Debug|Any CPU.Build.0 = Debug|Any CPU
		{736D11E9-56C0-4B43-AA10-209FF2A0D17A}.Release|Any CPU.ActiveCfg = Release|Any CPU
		{736D11E9-56C0-4B43-AA10-209FF2A0D17A}.Release|Any CPU.Build.0 = Release|Any CPU
	EndGlobalSection
	GlobalSection(SolutionProperties) = preSolution
		HideSolutionNode = FALSE
	EndGlobalSection
	GlobalSection(ExtensibilityGlobals) = postSolution
		SolutionGuid = {43A0CF5D-D833-4383-8819-1D5C099A7C2C}
	EndGlobalSection
EndGlobal
